PODS:
  - Alamofire (4.3.0)
  - AlamofireImage (3.2.0):
    - Alamofire (~> 4.1)
  - AlamofireNetworkActivityIndicator (2.1.0):
    - Alamofire (~> 4.1)
  - Crashlytics (3.8.3):
    - Fabric (~> 1.6.3)
  - DateTools (1.7.0)
  - Fabric (1.6.11)
  - Freddy (3.0.0)
  - JSQMessagesViewController (7.3.4):
    - JSQSystemSoundPlayer (~> 2.0.1)
  - JSQSystemSoundPlayer (2.0.1)
  - JWTDecode (2.0.0)
  - p2.OAuth2 (3.0.2)
  - Realm (2.2.0):
    - Realm/Headers (= 2.2.0)
  - Realm/Headers (2.2.0)
  - RealmSwift (2.2.0):
    - Realm (= 2.2.0)
  - SlackTextViewController (1.9.5)
  - SnapKit (3.1.2)
  - StatefulViewController (3.0)

DEPENDENCIES:
  - Alamofire (~> 4.3)
  - AlamofireImage (~> 3.2)
  - AlamofireNetworkActivityIndicator (~> 2.1)
  - Crashlytics
  - DateTools (~> 1.7)
  - Fabric
  - Freddy (~> 3.0.0)
  - JSQMessagesViewController
  - JWTDecode (~> 2.0)
  - p2.OAuth2 (~> 3.0.1)
  - RealmSwift (~> 2.2.0)
  - SlackTextViewController (~> 1.9.5)
  - SnapKit (~> 3.1.2)
  - StatefulViewController (~> 3.0)

SPEC CHECKSUMS:
  Alamofire: 856a113053a7bc9cbe5d6367a555d773fc5cfef7
  AlamofireImage: 157ed682cc81d3b9db4fb90c1f12180ac552d93b
  AlamofireNetworkActivityIndicator: 4716f6554bdfb9c7cf13b1e0e3af21163129690a
  Crashlytics: 2b6dbe138a42395577cfa73dfa1aa7248cadf39e
  DateTools: 53288ee8b905fdc75897a1e6b5cc0144b14cba60
  Fabric: 5911403591946b8228ab1c51d98f1d7137e863c6
  Freddy: 367f994c88a90dd3987293b4b1bec94a4530745a
  JSQMessagesViewController: 39fed975e3c9f8eba7292071e29eeb541d105e66
  JSQSystemSoundPlayer: c5850e77a4363ffd374cd851154b9af93264ed8d
  JWTDecode: 178e47e5d28d3abcff778bacced8342858cd6cb5
  p2.OAuth2: ba5f538fafbb81dd3a71b6e22d4550a08e71fdf0
  Realm: d95b8fb34c83f1e764b66d319277a62c2b6e4bf5
  RealmSwift: a4fa52d06e946a32ec746b3388374f742e6b8731
  SlackTextViewController: fbcdadbb8090673f604484ff5b6eb8d77baed42a
  SnapKit: 12b24f569cb7c143acc9c22b9d91b23e7b1c84a2
  StatefulViewController: 4803bf900d44de26074344998e10e041113b5931

PODFILE CHECKSUM: 82af90b4bc65cce393a48bf0999e34af359b42f0

COCOAPODS: 1.2.0
